// !$*UTF8*$!
{
	archiveVersion = 1;
	classes = {
	};
	objectVersion = 55;
	objects = {

/* Begin PBXBuildFile section */
		B389C353292FA5FE00F31A9A /* AppDelegate.swift in Sources */ = {isa = PBXBuildFile; fileRef = B389C352292FA5FE00F31A9A /* AppDelegate.swift */; };
		B389C355292FA5FE00F31A9A /* SceneDelegate.swift in Sources */ = {isa = PBXBuildFile; fileRef = B389C354292FA5FE00F31A9A /* SceneDelegate.swift */; };
		B389C357292FA5FE00F31A9A /* NewsViewController.swift in Sources */ = {isa = PBXBuildFile; fileRef = B389C356292FA5FE00F31A9A /* NewsViewController.swift */; };
		B389C35A292FA5FE00F31A9A /* Main.storyboard in Resources */ = {isa = PBXBuildFile; fileRef = B389C358292FA5FE00F31A9A /* Main.storyboard */; };
		B389C35D292FA5FE00F31A9A /* USNewsApp.xcdatamodeld in Sources */ = {isa = PBXBuildFile; fileRef = B389C35B292FA5FE00F31A9A /* USNewsApp.xcdatamodeld */; };
		B389C35F292FA60000F31A9A /* Assets.xcassets in Resources */ = {isa = PBXBuildFile; fileRef = B389C35E292FA60000F31A9A /* Assets.xcassets */; };
		B389C362292FA60000F31A9A /* LaunchScreen.storyboard in Resources */ = {isa = PBXBuildFile; fileRef = B389C360292FA60000F31A9A /* LaunchScreen.storyboard */; };
		B389C36D292FA60000F31A9A /* USNewsAppTests.swift in Sources */ = {isa = PBXBuildFile; fileRef = B389C36C292FA60000F31A9A /* USNewsAppTests.swift */; };
		B389C377292FA60000F31A9A /* USNewsAppUITests.swift in Sources */ = {isa = PBXBuildFile; fileRef = B389C376292FA60000F31A9A /* USNewsAppUITests.swift */; };
		B389C379292FA60000F31A9A /* USNewsAppUITestsLaunchTests.swift in Sources */ = {isa = PBXBuildFile; fileRef = B389C378292FA60000F31A9A /* USNewsAppUITestsLaunchTests.swift */; };
		B389C389292FBD4A00F31A9A /* Webservices.swift in Sources */ = {isa = PBXBuildFile; fileRef = B389C388292FBD4A00F31A9A /* Webservices.swift */; };
/* End PBXBuildFile section */

/* Begin PBXContainerItemProxy section */
		B389C369292FA60000F31A9A /* PBXContainerItemProxy */ = {
			isa = PBXContainerItemProxy;
			containerPortal = B389C347292FA5FE00F31A9A /* Project object */;
			proxyType = 1;
			remoteGlobalIDString = B389C34E292FA5FE00F31A9A;
			remoteInfo = USNewsApp;
		};
		B389C373292FA60000F31A9A /* PBXContainerItemProxy */ = {
			isa = PBXContainerItemProxy;
			containerPortal = B389C347292FA5FE00F31A9A /* Project object */;
			proxyType = 1;
			remoteGlobalIDString = B389C34E292FA5FE00F31A9A;
			remoteInfo = USNewsApp;
		};
/* End PBXContainerItemProxy section */

/* Begin PBXFileReference section */
		B389C34F292FA5FE00F31A9A /* USNewsApp.app */ = {isa = PBXFileReference; explicitFileType = wrapper.application; includeInIndex = 0; path = USNewsApp.app; sourceTree = BUILT_PRODUCTS_DIR; };
		B389C352292FA5FE00F31A9A /* AppDelegate.swift */ = {isa = PBXFileReference; lastKnownFileType = sourcecode.swift; path = AppDelegate.swift; sourceTree = "<group>"; };
		B389C354292FA5FE00F31A9A /* SceneDelegate.swift */ = {isa = PBXFileReference; lastKnownFileType = sourcecode.swift; path = SceneDelegate.swift; sourceTree = "<group>"; };
		B389C356292FA5FE00F31A9A /* NewsViewController.swift */ = {isa = PBXFileReference; lastKnownFileType = sourcecode.swift; path = NewsViewController.swift; sourceTree = "<group>"; };
		B389C359292FA5FE00F31A9A /* Base */ = {isa = PBXFileReference; lastKnownFileType = file.storyboard; name = Base; path = Base.lproj/Main.storyboard; sourceTree = "<group>"; };
		B389C35C292FA5FE00F31A9A /* USNewsApp.xcdatamodel */ = {isa = PBXFileReference; lastKnownFileType = wrapper.xcdatamodel; path = USNewsApp.xcdatamodel; sourceTree = "<group>"; };
		B389C35E292FA60000F31A9A /* Assets.xcassets */ = {isa = PBXFileReference; lastKnownFileType = folder.assetcatalog; path = Assets.xcassets; sourceTree = "<group>"; };
		B389C361292FA60000F31A9A /* Base */ = {isa = PBXFileReference; lastKnownFileType = file.storyboard; name = Base; path = Base.lproj/LaunchScreen.storyboard; sourceTree = "<group>"; };
		B389C363292FA60000F31A9A /* Info.plist */ = {isa = PBXFileReference; lastKnownFileType = text.plist.xml; path = Info.plist; sourceTree = "<group>"; };
		B389C368292FA60000F31A9A /* USNewsAppTests.xctest */ = {isa = PBXFileReference; explicitFileType = wrapper.cfbundle; includeInIndex = 0; path = USNewsAppTests.xctest; sourceTree = BUILT_PRODUCTS_DIR; };
		B389C36C292FA60000F31A9A /* USNewsAppTests.swift */ = {isa = PBXFileReference; lastKnownFileType = sourcecode.swift; path = USNewsAppTests.swift; sourceTree = "<group>"; };
		B389C372292FA60000F31A9A /* USNewsAppUITests.xctest */ = {isa = PBXFileReference; explicitFileType = wrapper.cfbundle; includeInIndex = 0; path = USNewsAppUITests.xctest; sourceTree = BUILT_PRODUCTS_DIR; };
		B389C376292FA60000F31A9A /* USNewsAppUITests.swift */ = {isa = PBXFileReference; lastKnownFileType = sourcecode.swift; path = USNewsAppUITests.swift; sourceTree = "<group>"; };
		B389C378292FA60000F31A9A /* USNewsAppUITestsLaunchTests.swift */ = {isa = PBXFileReference; lastKnownFileType = sourcecode.swift; path = USNewsAppUITestsLaunchTests.swift; sourceTree = "<group>"; };
		B389C388292FBD4A00F31A9A /* Webservices.swift */ = {isa = PBXFileReference; lastKnownFileType = sourcecode.swift; path = Webservices.swift; sourceTree = "<group>"; };
/* End PBXFileReference section */

/* Begin PBXFrameworksBuildPhase section */
		B389C34C292FA5FE00F31A9A /* Frameworks */ = {
			isa = PBXFrameworksBuildPhase;
			buildActionMask = 2147483647;
			files = (
			);
			runOnlyForDeploymentPostprocessing = 0;
		};
		B389C365292FA60000F31A9A /* Frameworks */ = {
			isa = PBXFrameworksBuildPhase;
			buildActionMask = 2147483647;
			files = (
			);
			runOnlyForDeploymentPostprocessing = 0;
		};
		B389C36F292FA60000F31A9A /* Frameworks */ = {
			isa = PBXFrameworksBuildPhase;
			buildActionMask = 2147483647;
			files = (
			);
			runOnlyForDeploymentPostprocessing = 0;
		};
/* End PBXFrameworksBuildPhase section */

/* Begin PBXGroup section */
		B389C346292FA5FE00F31A9A = {
			isa = PBXGroup;
			children = (
				B389C351292FA5FE00F31A9A /* USNewsApp */,
				B389C36B292FA60000F31A9A /* USNewsAppTests */,
				B389C375292FA60000F31A9A /* USNewsAppUITests */,
				B389C350292FA5FE00F31A9A /* Products */,
			);
			sourceTree = "<group>";
		};
		B389C350292FA5FE00F31A9A /* Products */ = {
			isa = PBXGroup;
			children = (
				B389C34F292FA5FE00F31A9A /* USNewsApp.app */,
				B389C368292FA60000F31A9A /* USNewsAppTests.xctest */,
				B389C372292FA60000F31A9A /* USNewsAppUITests.xctest */,
			);
			name = Products;
			sourceTree = "<group>";
		};
		B389C351292FA5FE00F31A9A /* USNewsApp */ = {
			isa = PBXGroup;
			children = (
				B389C387292FBD3C00F31A9A /* Services */,
				B389C386292FA62F00F31A9A /* AppDelegate */,
				B389C385292FA62200F31A9A /* Controller */,
				B389C358292FA5FE00F31A9A /* Main.storyboard */,
				B389C35E292FA60000F31A9A /* Assets.xcassets */,
				B389C360292FA60000F31A9A /* LaunchScreen.storyboard */,
				B389C363292FA60000F31A9A /* Info.plist */,
				B389C35B292FA5FE00F31A9A /* USNewsApp.xcdatamodeld */,
			);
			path = USNewsApp;
			sourceTree = "<group>";
		};
		B389C36B292FA60000F31A9A /* USNewsAppTests */ = {
			isa = PBXGroup;
			children = (
				B389C36C292FA60000F31A9A /* USNewsAppTests.swift */,
			);
			path = USNewsAppTests;
			sourceTree = "<group>";
		};
		B389C375292FA60000F31A9A /* USNewsAppUITests */ = {
			isa = PBXGroup;
			children = (
				B389C376292FA60000F31A9A /* USNewsAppUITests.swift */,
				B389C378292FA60000F31A9A /* USNewsAppUITestsLaunchTests.swift */,
			);
			path = USNewsAppUITests;
			sourceTree = "<group>";
		};
		B389C385292FA62200F31A9A /* Controller */ = {
			isa = PBXGroup;
			children = (
				B389C356292FA5FE00F31A9A /* NewsViewController.swift */,
			);
			path = Controller;
			sourceTree = "<group>";
		};
		B389C386292FA62F00F31A9A /* AppDelegate */ = {
			isa = PBXGroup;
			children = (
				B389C352292FA5FE00F31A9A /* AppDelegate.swift */,
				B389C354292FA5FE00F31A9A /* SceneDelegate.swift */,
			);
			path = AppDelegate;
			sourceTree = "<group>";
		};
		B389C387292FBD3C00F31A9A /* Services */ = {
			isa = PBXGroup;
			children = (
				B389C388292FBD4A00F31A9A /* Webservices.swift */,
			);
			path = Services;
			sourceTree = "<group>";
		};
/* End PBXGroup section */

/* Begin PBXNativeTarget section */
		B389C34E292FA5FE00F31A9A /* USNewsApp */ = {
			isa = PBXNativeTarget;
			buildConfigurationList = B389C37C292FA60000F31A9A /* Build configuration list for PBXNativeTarget "USNewsApp" */;
			buildPhases = (
				B389C34B292FA5FE00F31A9A /* Sources */,
				B389C34C292FA5FE00F31A9A /* Frameworks */,
				B389C34D292FA5FE00F31A9A /* Resources */,
			);
			buildRules = (
			);
			dependencies = (
			);
			name = USNewsApp;
			productName = USNewsApp;
			productReference = B389C34F292FA5FE00F31A9A /* USNewsApp.app */;
			productType = "com.apple.product-type.application";
		};
		B389C367292FA60000F31A9A /* USNewsAppTests */ = {
			isa = PBXNativeTarget;
			buildConfigurationList = B389C37F292FA60000F31A9A /* Build configuration list for PBXNativeTarget "USNewsAppTests" */;
			buildPhases = (
				B389C364292FA60000F31A9A /* Sources */,
				B389C365292FA60000F31A9A /* Frameworks */,
				B389C366292FA60000F31A9A /* Resources */,
			);
			buildRules = (
			);
			dependencies = (
				B389C36A292FA60000F31A9A /* PBXTargetDependency */,
			);
			name = USNewsAppTests;
			productName = USNewsAppTests;
			productReference = B389C368292FA60000F31A9A /* USNewsAppTests.xctest */;
			productType = "com.apple.product-type.bundle.unit-test";
		};
		B389C371292FA60000F31A9A /* USNewsAppUITests */ = {
			isa = PBXNativeTarget;
			buildConfigurationList = B389C382292FA60000F31A9A /* Build configuration list for PBXNativeTarget "USNewsAppUITests" */;
			buildPhases = (
				B389C36E292FA60000F31A9A /* Sources */,
				B389C36F292FA60000F31A9A /* Frameworks */,
				B389C370292FA60000F31A9A /* Resources */,
			);
			buildRules = (
			);
			dependencies = (
				B389C374292FA60000F31A9A /* PBXTargetDependency */,
			);
			name = USNewsAppUITests;
			productName = USNewsAppUITests;
			productReference = B389C372292FA60000F31A9A /* USNewsAppUITests.xctest */;
			productType = "com.apple.product-type.bundle.ui-testing";
		};
/* End PBXNativeTarget section */

/* Begin PBXProject section */
		B389C347292FA5FE00F31A9A /* Project object */ = {
			isa = PBXProject;
			attributes = {
				BuildIndependentTargetsInParallel = 1;
				LastSwiftUpdateCheck = 1300;
				LastUpgradeCheck = 1300;
				TargetAttributes = {
					B389C34E292FA5FE00F31A9A = {
						CreatedOnToolsVersion = 13.0;
					};
					B389C367292FA60000F31A9A = {
						CreatedOnToolsVersion = 13.0;
						TestTargetID = B389C34E292FA5FE00F31A9A;
					};
					B389C371292FA60000F31A9A = {
						CreatedOnToolsVersion = 13.0;
						TestTargetID = B389C34E292FA5FE00F31A9A;
					};
				};
			};
			buildConfigurationList = B389C34A292FA5FE00F31A9A /* Build configuration list for PBXProject "USNewsApp" */;
			compatibilityVersion = "Xcode 13.0";
			developmentRegion = en;
			hasScannedForEncodings = 0;
			knownRegions = (
				en,
				Base,
			);
			mainGroup = B389C346292FA5FE00F31A9A;
			productRefGroup = B389C350292FA5FE00F31A9A /* Products */;
			projectDirPath = "";
			projectRoot = "";
			targets = (
				B389C34E292FA5FE00F31A9A /* USNewsApp */,
				B389C367292FA60000F31A9A /* USNewsAppTests */,
				B389C371292FA60000F31A9A /* USNewsAppUITests */,
			);
		};
/* End PBXProject section */

/* Begin PBXResourcesBuildPhase section */
		B389C34D292FA5FE00F31A9A /* Resources */ = {
			isa = PBXResourcesBuildPhase;
			buildActionMask = 2147483647;
			files = (
				B389C362292FA60000F31A9A /* LaunchScreen.storyboard in Resources */,
				B389C35F292FA60000F31A9A /* Assets.xcassets in Resources */,
				B389C35A292FA5FE00F31A9A /* Main.storyboard in Resources */,
			);
			runOnlyForDeploymentPostprocessing = 0;
		};
		B389C366292FA60000F31A9A /* Resources */ = {
			isa = PBXResourcesBuildPhase;
			buildActionMask = 2147483647;
			files = (
			);
			runOnlyForDeploymentPostprocessing = 0;
		};
		B389C370292FA60000F31A9A /* Resources */ = {
			isa = PBXResourcesBuildPhase;
			buildActionMask = 2147483647;
			files = (
			);
			runOnlyForDeploymentPostprocessing = 0;
		};
/* End PBXResourcesBuildPhase section */

/* Begin PBXSourcesBuildPhase section */
		B389C34B292FA5FE00F31A9A /* Sources */ = {
			isa = PBXSourcesBuildPhase;
			buildActionMask = 2147483647;
			files = (
				B389C389292FBD4A00F31A9A /* Webservices.swift in Sources */,
				B389C35D292FA5FE00F31A9A /* USNewsApp.xcdatamodeld in Sources */,
				B389C357292FA5FE00F31A9A /* NewsViewController.swift in Sources */,
				B389C353292FA5FE00F31A9A /* AppDelegate.swift in Sources */,
				B389C355292FA5FE00F31A9A /* SceneDelegate.swift in Sources */,
			);
			runOnlyForDeploymentPostprocessing = 0;
		};
		B389C364292FA60000F31A9A /* Sources */ = {
			isa = PBXSourcesBuildPhase;
			buildActionMask = 2147483647;
			files = (
				B389C36D292FA60000F31A9A /* USNewsAppTests.swift in Sources */,
			);
			runOnlyForDeploymentPostprocessing = 0;
		};
		B389C36E292FA60000F31A9A /* Sources */ = {
			isa = PBXSourcesBuildPhase;
			buildActionMask = 2147483647;
			files = (
				B389C377292FA60000F31A9A /* USNewsAppUITests.swift in Sources */,
				B389C379292FA60000F31A9A /* USNewsAppUITestsLaunchTests.swift in Sources */,
			);
			runOnlyForDeploymentPostprocessing = 0;
		};
/* End PBXSourcesBuildPhase section */

/* Begin PBXTargetDependency section */
		B389C36A292FA60000F31A9A /* PBXTargetDependency */ = {
			isa = PBXTargetDependency;
			target = B389C34E292FA5FE00F31A9A /* USNewsApp */;
			targetProxy = B389C369292FA60000F31A9A /* PBXContainerItemProxy */;
		};
		B389C374292FA60000F31A9A /* PBXTargetDependency */ = {
			isa = PBXTargetDependency;
			target = B389C34E292FA5FE00F31A9A /* USNewsApp */;
			targetProxy = B389C373292FA60000F31A9A /* PBXContainerItemProxy */;
		};
/* End PBXTargetDependency section */

/* Begin PBXVariantGroup section */
		B389C358292FA5FE00F31A9A /* Main.storyboard */ = {
			isa = PBXVariantGroup;
			children = (
				B389C359292FA5FE00F31A9A /* Base */,
			);
			name = Main.storyboard;
			sourceTree = "<group>";
		};
		B389C360292FA60000F31A9A /* LaunchScreen.storyboard */ = {
			isa = PBXVariantGroup;
			children = (
				B389C361292FA60000F31A9A /* Base */,
			);
			name = LaunchScreen.storyboard;
			sourceTree = "<group>";
		};
/* End PBXVariantGroup section */

/* Begin XCBuildConfiguration section */
		B389C37A292FA60000F31A9A /* Debug */ = {
			isa = XCBuildConfiguration;
			buildSettings = {
				ALWAYS_SEARCH_USER_PATHS = NO;
				CLANG_ANALYZER_NONNULL = YES;
				CLANG_ANALYZER_NUMBER_OBJECT_CONVERSION = YES_AGGRESSIVE;
				CLANG_CXX_LANGUAGE_STANDARD = "gnu++17";
				CLANG_CXX_LIBRARY = "libc++";
				CLANG_ENABLE_MODULES = YES;
				CLANG_ENABLE_OBJC_ARC = YES;
				CLANG_ENABLE_OBJC_WEAK = YES;
				CLANG_WARN_BLOCK_CAPTURE_AUTORELEASING = YES;
				CLANG_WARN_BOOL_CONVERSION = YES;
				CLANG_WARN_COMMA = YES;
				CLANG_WARN_CONSTANT_CONVERSION = YES;
				CLANG_WARN_DEPRECATED_OBJC_IMPLEMENTATIONS = YES;
				CLANG_WARN_DIRECT_OBJC_ISA_USAGE = YES_ERROR;
				CLANG_WARN_DOCUMENTATION_COMMENTS = YES;
				CLANG_WARN_EMPTY_BODY = YES;
				CLANG_WARN_ENUM_CONVERSION = YES;
				CLANG_WARN_INFINITE_RECURSION = YES;
				CLANG_WARN_INT_CONVERSION = YES;
				CLANG_WARN_NON_LITERAL_NULL_CONVERSION = YES;
				CLANG_WARN_OBJC_IMPLICIT_RETAIN_SELF = YES;
				CLANG_WARN_OBJC_LITERAL_CONVERSION = YES;
				CLANG_WARN_OBJC_ROOT_CLASS = YES_ERROR;
				CLANG_WARN_QUOTED_INCLUDE_IN_FRAMEWORK_HEADER = YES;
				CLANG_WARN_RANGE_LOOP_ANALYSIS = YES;
				CLANG_WARN_STRICT_PROTOTYPES = YES;
				CLANG_WARN_SUSPICIOUS_MOVE = YES;
				CLANG_WARN_UNGUARDED_AVAILABILITY = YES_AGGRESSIVE;
				CLANG_WARN_UNREACHABLE_CODE = YES;
				CLANG_WARN__DUPLICATE_METHOD_MATCH = YES;
				COPY_PHASE_STRIP = NO;
				DEBUG_INFORMATION_FORMAT = dwarf;
				ENABLE_STRICT_OBJC_MSGSEND = YES;
				ENABLE_TESTABILITY = YES;
				GCC_C_LANGUAGE_STANDARD = gnu11;
				GCC_DYNAMIC_NO_PIC = NO;
				GCC_NO_COMMON_BLOCKS = YES;
				GCC_OPTIMIZATION_LEVEL = 0;
				GCC_PREPROCESSOR_DEFINITIONS = (
					"DEBUG=1",
					"$(inherited)",
				);
				GCC_WARN_64_TO_32_BIT_CONVERSION = YES;
				GCC_WARN_ABOUT_RETURN_TYPE = YES_ERROR;
				GCC_WARN_UNDECLARED_SELECTOR = YES;
				GCC_WARN_UNINITIALIZED_AUTOS = YES_AGGRESSIVE;
				GCC_WARN_UNUSED_FUNCTION = YES;
				GCC_WARN_UNUSED_VARIABLE = YES;
				IPHONEOS_DEPLOYMENT_TARGET = 15.0;
				MTL_ENABLE_DEBUG_INFO = INCLUDE_SOURCE;
				MTL_FAST_MATH = YES;
				ONLY_ACTIVE_ARCH = YES;
				SDKROOT = iphoneos;
				SWIFT_ACTIVE_COMPILATION_CONDITIONS = DEBUG;
				SWIFT_OPTIMIZATION_LEVEL = "-Onone";
			};
			name = Debug;
		};
		B389C37B292FA60000F31A9A /* Release */ = {
			isa = XCBuildConfiguration;
			buildSettings = {
				ALWAYS_SEARCH_USER_PATHS = NO;
				CLANG_ANALYZER_NONNULL = YES;
				CLANG_ANALYZER_NUMBER_OBJECT_CONVERSION = YES_AGGRESSIVE;
				CLANG_CXX_LANGUAGE_STANDARD = "gnu++17";
				CLANG_CXX_LIBRARY = "libc++";
				CLANG_ENABLE_MODULES = YES;
				CLANG_ENABLE_OBJC_ARC = YES;
				CLANG_ENABLE_OBJC_WEAK = YES;
				CLANG_WARN_BLOCK_CAPTURE_AUTORELEASING = YES;
				CLANG_WARN_BOOL_CONVERSION = YES;
				CLANG_WARN_COMMA = YES;
				CLANG_WARN_CONSTANT_CONVERSION = YES;
				CLANG_WARN_DEPRECATED_OBJC_IMPLEMENTATIONS = YES;
				CLANG_WARN_DIRECT_OBJC_ISA_USAGE = YES_ERROR;
				CLANG_WARN_DOCUMENTATION_COMMENTS = YES;
				CLANG_WARN_EMPTY_BODY = YES;
				CLANG_WARN_ENUM_CONVERSION = YES;
				CLANG_WARN_INFINITE_RECURSION = YES;
				CLANG_WARN_INT_CONVERSION = YES;
				CLANG_WARN_NON_LITERAL_NULL_CONVERSION = YES;
				CLANG_WARN_OBJC_IMPLICIT_RETAIN_SELF = YES;
				CLANG_WARN_OBJC_LITERAL_CONVERSION = YES;
				CLANG_WARN_OBJC_ROOT_CLASS = YES_ERROR;
				CLANG_WARN_QUOTED_INCLUDE_IN_FRAMEWORK_HEADER = YES;
				CLANG_WARN_RANGE_LOOP_ANALYSIS = YES;
				CLANG_WARN_STRICT_PROTOTYPES = YES;
				CLANG_WARN_SUSPICIOUS_MOVE = YES;
				CLANG_WARN_UNGUARDED_AVAILABILITY = YES_AGGRESSIVE;
				CLANG_WARN_UNREACHABLE_CODE = YES;
				CLANG_WARN__DUPLICATE_METHOD_MATCH = YES;
				COPY_PHASE_STRIP = NO;
				DEBUG_INFORMATION_FORMAT = "dwarf-with-dsym";
				ENABLE_NS_ASSERTIONS = NO;
				ENABLE_STRICT_OBJC_MSGSEND = YES;
				GCC_C_LANGUAGE_STANDARD = gnu11;
				GCC_NO_COMMON_BLOCKS = YES;
				GCC_WARN_64_TO_32_BIT_CONVERSION = YES;
				GCC_WARN_ABOUT_RETURN_TYPE = YES_ERROR;
				GCC_WARN_UNDECLARED_SELECTOR = YES;
				GCC_WARN_UNINITIALIZED_AUTOS = YES_AGGRESSIVE;
				GCC_WARN_UNUSED_FUNCTION = YES;
				GCC_WARN_UNUSED_VARIABLE = YES;
				IPHONEOS_DEPLOYMENT_TARGET = 15.0;
				MTL_ENABLE_DEBUG_INFO = NO;
				MTL_FAST_MATH = YES;
				SDKROOT = iphoneos;
				SWIFT_COMPILATION_MODE = wholemodule;
				SWIFT_OPTIMIZATION_LEVEL = "-O";
				VALIDATE_PRODUCT = YES;
			};
			name = Release;
		};
		B389C37D292FA60000F31A9A /* Debug */ = {
			isa = XCBuildConfiguration;
			buildSettings = {
				ASSETCATALOG_COMPILER_APPICON_NAME = AppIcon;
				ASSETCATALOG_COMPILER_GLOBAL_ACCENT_COLOR_NAME = AccentColor;
				CODE_SIGN_STYLE = Automatic;
				CURRENT_PROJECT_VERSION = 1;
				DEVELOPMENT_TEAM = J7M27U235H;
				GENERATE_INFOPLIST_FILE = YES;
				INFOPLIST_FILE = USNewsApp/Info.plist;
				INFOPLIST_KEY_UIApplicationSupportsIndirectInputEvents = YES;
				INFOPLIST_KEY_UILaunchStoryboardName = LaunchScreen;
				INFOPLIST_KEY_UIMainStoryboardFile = Main;
				INFOPLIST_KEY_UISupportedInterfaceOrientations_iPad = "UIInterfaceOrientationPortrait UIInterfaceOrientationPortraitUpsideDown UIInterfaceOrientationLandscapeLeft UIInterfaceOrientationLandscapeRight";
				INFOPLIST_KEY_UISupportedInterfaceOrientations_iPhone = "UIInterfaceOrientationPortrait UIInterfaceOrientationLandscapeLeft UIInterfaceOrientationLandscapeRight";
				LD_RUNPATH_SEARCH_PATHS = (
					"$(inherited)",
					"@executable_path/Frameworks",
				);
				MARKETING_VERSION = 1.0;
				PRODUCT_BUNDLE_IDENTIFIER = com.Rajesh.USNewsApp;
				PRODUCT_NAME = "$(TARGET_NAME)";
				SWIFT_EMIT_LOC_STRINGS = YES;
				SWIFT_VERSION = 5.0;
				TARGETED_DEVICE_FAMILY = "1,2";
			};
			name = Debug;
		};
		B389C37E292FA60000F31A9A /* Release */ = {
			isa = XCBuildConfiguration;
			buildSettings = {
				ASSETCATALOG_COMPILER_APPICON_NAME = AppIcon;
				ASSETCATALOG_COMPILER_GLOBAL_ACCENT_COLOR_NAME = AccentColor;
				CODE_SIGN_STYLE = Automatic;
				CURRENT_PROJECT_VERSION = 1;
				DEVELOPMENT_TEAM = J7M27U235H;
				GENERATE_INFOPLIST_FILE = YES;
				INFOPLIST_FILE = USNewsApp/Info.plist;
				INFOPLIST_KEY_UIApplicationSupportsIndirectInputEvents = YES;
				INFOPLIST_KEY_UILaunchStoryboardName = LaunchScreen;
				INFOPLIST_KEY_UIMainStoryboardFile = Main;
				INFOPLIST_KEY_UISupportedInterfaceOrientations_iPad = "UIInterfaceOrientationPortrait UIInterfaceOrientationPortraitUpsideDown UIInterfaceOrientationLandscapeLeft UIInterfaceOrientationLandscapeRight";
				INFOPLIST_KEY_UISupportedInterfaceOrientations_iPhone = "UIInterfaceOrientationPortrait UIInterfaceOrientationLandscapeLeft UIInterfaceOrientationLandscapeRight";
				LD_RUNPATH_SEARCH_PATHS = (
					"$(inherited)",
					"@executable_path/Frameworks",
				);
				MARKETING_VERSION = 1.0;
				PRODUCT_BUNDLE_IDENTIFIER = com.Rajesh.USNewsApp;
				PRODUCT_NAME = "$(TARGET_NAME)";
				SWIFT_EMIT_LOC_STRINGS = YES;
				SWIFT_VERSION = 5.0;
				TARGETED_DEVICE_FAMILY = "1,2";
			};
			name = Release;
		};
		B389C380292FA60000F31A9A /* Debug */ = {
			isa = XCBuildConfiguration;
			buildSettings = {
				ALWAYS_EMBED_SWIFT_STANDARD_LIBRARIES = YES;
				BUNDLE_LOADER = "$(TEST_HOST)";
				CODE_SIGN_STYLE = Automatic;
				CURRENT_PROJECT_VERSION = 1;
				DEVELOPMENT_TEAM = J7M27U235H;
				GENERATE_INFOPLIST_FILE = YES;
				IPHONEOS_DEPLOYMENT_TARGET = 15.0;
				LD_RUNPATH_SEARCH_PATHS = (
					"$(inherited)",
					"@executable_path/Frameworks",
					"@loader_path/Frameworks",
				);
				MARKETING_VERSION = 1.0;
				PRODUCT_BUNDLE_IDENTIFIER = com.Rajesh.USNewsAppTests;
				PRODUCT_NAME = "$(TARGET_NAME)";
				SWIFT_EMIT_LOC_STRINGS = NO;
				SWIFT_VERSION = 5.0;
				TARGETED_DEVICE_FAMILY = "1,2";
				TEST_HOST = "$(BUILT_PRODUCTS_DIR)/USNewsApp.app/USNewsApp";
			};
			name = Debug;
		};
		B389C381292FA60000F31A9A /* Release */ = {
			isa = XCBuildConfiguration;
			buildSettings = {
				ALWAYS_EMBED_SWIFT_STANDARD_LIBRARIES = YES;
				BUNDLE_LOADER = "$(TEST_HOST)";
				CODE_SIGN_STYLE = Automatic;
				CURRENT_PROJECT_VERSION = 1;
				DEVELOPMENT_TEAM = J7M27U235H;
				GENERATE_INFOPLIST_FILE = YES;
				IPHONEOS_DEPLOYMENT_TARGET = 15.0;
				LD_RUNPATH_SEARCH_PATHS = (
					"$(inherited)",
					"@executable_path/Frameworks",
					"@loader_path/Frameworks",
				);
				MARKETING_VERSION = 1.0;
				PRODUCT_BUNDLE_IDENTIFIER = com.Rajesh.USNewsAppTests;
				PRODUCT_NAME = "$(TARGET_NAME)";
				SWIFT_EMIT_LOC_STRINGS = NO;
				SWIFT_VERSION = 5.0;
				TARGETED_DEVICE_FAMILY = "1,2";
				TEST_HOST = "$(BUILT_PRODUCTS_DIR)/USNewsApp.app/USNewsApp";
			};
			name = Release;
		};
		B389C383292FA60000F31A9A /* Debug */ = {
			isa = XCBuildConfiguration;
			buildSettings = {
				ALWAYS_EMBED_SWIFT_STANDARD_LIBRARIES = YES;
				CODE_SIGN_STYLE = Automatic;
				CURRENT_PROJECT_VERSION = 1;
				DEVELOPMENT_TEAM = J7M27U235H;
				GENERATE_INFOPLIST_FILE = YES;
				LD_RUNPATH_SEARCH_PATHS = (
					"$(inherited)",
					"@executable_path/Frameworks",
					"@loader_path/Frameworks",
				);
				MARKETING_VERSION = 1.0;
				PRODUCT_BUNDLE_IDENTIFIER = com.Rajesh.USNewsAppUITests;
				PRODUCT_NAME = "$(TARGET_NAME)";
				SWIFT_EMIT_LOC_STRINGS = NO;
				SWIFT_VERSION = 5.0;
				TARGETED_DEVICE_FAMILY = "1,2";
				TEST_TARGET_NAME = USNewsApp;
			};
			name = Debug;
		};
		B389C384292FA60000F31A9A /* Release */ = {
			isa = XCBuildConfiguration;
			buildSettings = {
				ALWAYS_EMBED_SWIFT_STANDARD_LIBRARIES = YES;
				CODE_SIGN_STYLE = Automatic;
				CURRENT_PROJECT_VERSION = 1;
				DEVELOPMENT_TEAM = J7M27U235H;
				GENERATE_INFOPLIST_FILE = YES;
				LD_RUNPATH_SEARCH_PATHS = (
					"$(inherited)",
					"@executable_path/Frameworks",
					"@loader_path/Frameworks",
				);
				MARKETING_VERSION = 1.0;
				PRODUCT_BUNDLE_IDENTIFIER = com.Rajesh.USNewsAppUITests;
				PRODUCT_NAME = "$(TARGET_NAME)";
				SWIFT_EMIT_LOC_STRINGS = NO;
				SWIFT_VERSION = 5.0;
				TARGETED_DEVICE_FAMILY = "1,2";
				TEST_TARGET_NAME = USNewsApp;
			};
			name = Release;
		};
/* End XCBuildConfiguration section */

/* Begin XCConfigurationList section */
		B389C34A292FA5FE00F31A9A /* Build configuration list for PBXProject "USNewsApp" */ = {
			isa = XCConfigurationList;
			buildConfigurations = (
				B389C37A292FA60000F31A9A /* Debug */,
				B389C37B292FA60000F31A9A /* Release */,
			);
			defaultConfigurationIsVisible = 0;
			defaultConfigurationName = Release;
		};
		B389C37C292FA60000F31A9A /* Build configuration list for PBXNativeTarget "USNewsApp" */ = {
			isa = XCConfigurationList;
			buildConfigurations = (
				B389C37D292FA60000F31A9A /* Debug */,
				B389C37E292FA60000F31A9A /* Release */,
			);
			defaultConfigurationIsVisible = 0;
			defaultConfigurationName = Release;
		};
		B389C37F292FA60000F31A9A /* Build configuration list for PBXNativeTarget "USNewsAppTests" */ = {
			isa = XCConfigurationList;
			buildConfigurations = (
				B389C380292FA60000F31A9A /* Debug */,
				B389C381292FA60000F31A9A /* Release */,
			);
			defaultConfigurationIsVisible = 0;
			defaultConfigurationName = Release;
		};
		B389C382292FA60000F31A9A /* Build configuration list for PBXNativeTarget "USNewsAppUITests" */ = {
			isa = XCConfigurationList;
			buildConfigurations = (
				B389C383292FA60000F31A9A /* Debug */,
				B389C384292FA60000F31A9A /* Release */,
			);
			defaultConfigurationIsVisible = 0;
			defaultConfigurationName = Release;
		};
/* End XCConfigurationList section */

/* Begin XCVersionGroup section */
		B389C35B292FA5FE00F31A9A /* USNewsApp.xcdatamodeld */ = {
			isa = XCVersionGroup;
			children = (
				B389C35C292FA5FE00F31A9A /* USNewsApp.xcdatamodel */,
			);
			currentVersion = B389C35C292FA5FE00F31A9A /* USNewsApp.xcdatamodel */;
			path = USNewsApp.xcdatamodeld;
			sourceTree = "<group>";
			versionGroupType = wrapper.xcdatamodel;
		};
/* End XCVersionGroup section */
	};
	rootObject = B389C347292FA5FE00F31A9A /* Project object */;
}
